<Solution>
  <Project Path="CreditSystem.Api/CreditSystem.Api.csproj" />
  <Project Path="CreditSystem.Application/CreditSystem.Application.csproj" />
  <Project Path="CreditSystem.Domain/CreditSystem.Domain.csproj" />
  <Project Path="CreditSystem.Infrastructure/CreditSystem.Infrastructure.csproj" />
  <Project Path="CreditSystem.IntegrationTests/CreditSystem.IntegrationTests.csproj" />
  <Project Path="CreditSystem.UnitTests/CreditSystem.UnitTests.csproj" />
</Solution>
